
Microsoft Visual Studio Solution File, Format Version 12.00
# Visual Studio Version 16
VisualStudioVersion = 16.0.30413.136
MinimumVisualStudioVersion = 10.0.40219.1
Project("{FAE04EC0-301F-11D3-BF4B-00C04F79EFBC}") = "SampleApplication1", "SampleApplication1\SampleApplication1.csproj", "{2F9AA15D-CDAD-46E8-9874-B795CB7B6A5B}"
EndProject
Global
	GlobalSection(SolutionConfigurationPlatforms) = preSolution
		Debug|Any CPU = Debug|Any CPU
		Release|Any CPU = Release|Any CPU
	EndGlobalSection
	GlobalSection(ProjectConfigurationPlatforms) = postSolution
		{2F9AA15D-CDAD-46E8-9874-B795CB7B6A5B}.Debug|Any CPU.ActiveCfg = Debug|Any CPU
		{2F9AA15D-CDAD-46E8-9874-B795CB7B6A5B}.Debug|Any CPU.Build.0 = Debug|Any CPU
		{2F9AA15D-CDAD-46E8-9874-B795CB7B6A5B}.Release|Any CPU.ActiveCfg = Release|Any CPU
		{2F9AA15D-CDAD-46E8-9874-B795CB7B6A5B}.Release|Any CPU.Build.0 = Release|Any CPU
	EndGlobalSection
	GlobalSection(SolutionProperties) = preSolution
		HideSolutionNode = FALSE
	EndGlobalSection
	GlobalSection(ExtensibilityGlobals) = postSolution
		SolutionGuid = {E43A5922-B0BA-4DA3-AE29-DAA73C3EA165}
	EndGlobalSection
EndGlobal
